name: 4denoise-main
channels:
  - anaconda
  - conda-forge
  - defaults
  - https://repo.anaconda.com/pkgs/main
  - https://repo.anaconda.com/pkgs/r
  - https://repo.anaconda.com/pkgs/msys2
dependencies:
  - _libavif_api=1.2.0
  - _py-xgboost-mutex=2.0
  - abtem=1.0.5
  - aiohappyeyeballs=2.4.4
  - aiohttp=3.11.10
  - aiosignal=1.2.0
  - alabaster=0.7.12
  - anyio=4.5.0
  - aom=3.9.1
  - argon2-cffi=23.1.0
  - argon2-cffi-bindings=21.2.0
  - arrow=1.3.0
  - asciitree=0.3.3
  - ase=3.23.0
  - astroid=3.3.8
  - asttokens=3.0.0
  - async-lru=2.0.4
  - async-timeout=5.0.1
  - asyncssh=2.17.0
  - atomicwrites=1.4.0
  - attrs=24.2.0
  - autopep8=2.0.4
  - babel=2.16.0
  - backcall=0.2.0
  - beautifulsoup4=4.12.3
  - binaryornot=0.4.4
  - black=24.10.0
  - blas=1.0
  - bleach=6.1.0
  - blinker=1.8.2
  - blosc=1.21.6
  - bokeh=2.4.3
  - bottleneck=1.4.2
  - brotli=1.0.9
  - brotli-bin=1.1.0
  - brotli-python=1.0.9
  - bzip2=1.0.8
  - c-blosc2=2.15.2
  - ca-certificates=2025.2.25
  - cached-property=1.5.2
  - cached_property=1.5.2
  - cairo=1.18.2
  - certifi=2025.1.31
  - cffi=1.17.1
  - cfitsio=4.2.0
  - chardet=4.0.0
  - charls=2.4.2
  - charset-normalizer=3.4.0
  - click=8.1.7
  - cloudpickle=3.1.0
  - colorama=0.4.6
  - comm=0.2.2
  - contourpy=1.3.1
  - cookiecutter=2.6.0
  - cpython=3.12.7
  - cryptography=44.0.1
  - cuda-version=12.8
  - cycler=0.12.1
  - cytoolz=1.0.1
  - dask=2023.3.0
  - dask-core=2023.3.0
  - dav1d=1.2.1
  - debugpy=1.8.11
  - decorator=5.1.1
  - defusedxml=0.7.1
  - deprecated=1.2.13
  - diff-match-patch=20200713
  - dill=0.3.8
  - distributed=2023.3.0
  - docstring-to-markdown=0.11
  - docutils=0.18.1
  - double-conversion=3.3.1
  - entrypoints=0.4
  - exceptiongroup=1.2.2
  - executing=2.1.0
  - fasteners=0.17.3
  - ffmpeg=7.1.0
  - fftw=3.3.10
  - flake8=7.1.1
  - flask=3.0.3
  - font-ttf-dejavu-sans-mono=2.37
  - font-ttf-inconsolata=3.000
  - font-ttf-source-code-pro=2.038
  - font-ttf-ubuntu=0.83
  - fontconfig=2.15.0
  - fonts-conda-ecosystem=1
  - fonts-conda-forge=1
  - fonttools=4.55.3
  - fqdn=1.5.1
  - freeglut=3.2.2
  - freetype=2.12.1
  - fribidi=1.0.10
  - frozenlist=1.5.0
  - fsspec=2024.10.0
  - gdk-pixbuf=2.42.12
  - gettext=0.22.5
  - gettext-tools=0.22.5
  - giflib=5.2.2
  - glib=2.82.2
  - glib-tools=2.82.2
  - graphite2=1.3.13
  - gst-plugins-base=1.24.7
  - gstreamer=1.24.7
  - h11=0.14.0
  - h2=4.1.0
  - h5py=3.13.0
  - harfbuzz=10.4.0
  - hdf5=1.14.3
  - hpack=4.0.0
  - httpcore=1.0.7
  - httpx=0.27.2
  - hyperframe=6.0.1
  - icc_rt=2022.1.0
  - icu=75.1
  - idna=3.10
  - imagecodecs=2024.12.30
  - imageio=2.36.0
  - imagesize=1.4.1
  - imath=3.1.12
  - importlib-metadata=8.5.0
  - importlib-resources=6.4.5
  - importlib_metadata=8.5.0
  - importlib_resources=6.4.5
  - inflection=0.5.1
  - intel-openmp=2024.2.1
  - intervaltree=3.1.0
  - ipykernel=6.29.5
  - ipympl=0.9.4
  - ipython=8.30.0
  - ipython_genutils=0.2.0
  - ipywidgets=8.1.5
  - isoduration=20.11.0
  - isort=5.13.2
  - itsdangerous=2.2.0
  - jaraco.classes=3.2.1
  - jasper=4.2.4
  - jedi=0.19.1
  - jellyfish=1.1.3
  - jinja2=3.1.4
  - joblib=1.4.2
  - json5=0.9.25
  - jsonpointer=2.1
  - jsonschema=4.23.0
  - jsonschema-specifications=2024.10.1
  - jsonschema-with-format-nongpl=4.23.0
  - jupyter-lsp=2.2.5
  - jupyter_client=8.6.3
  - jupyter_core=5.7.2
  - jupyter_events=0.10.0
  - jupyter_server=2.14.2
  - jupyter_server_terminals=0.5.3
  - jupyterlab=4.3.4
  - jupyterlab_pygments=0.3.0
  - jupyterlab_server=2.27.3
  - jupyterlab_widgets=3.0.13
  - jxrlib=1.1
  - k3d=2.16.1
  - keyring=24.3.1
  - khronos-opencl-icd-loader=2024.10.24
  - kiwisolver=1.4.8
  - krb5=1.21.3
  - lazy-loader=0.4
  - lazy_loader=0.4
  - lcms2=2.17
  - lerc=4.0.0
  - libabseil=20240722.0
  - libaec=1.1.3
  - libasprintf=0.22.5
  - libasprintf-devel=0.22.5
  - libavif=1.2.0
  - libavif16=1.2.0
  - libblas=3.9.0
  - libbrotlicommon=1.1.0
  - libbrotlidec=1.1.0
  - libbrotlienc=1.1.0
  - libcblas=3.9.0
  - libclang=9.0.1
  - libclang13=19.1.7
  - libcurl=8.12.1
  - libdeflate=1.23
  - libexpat=2.6.4
  - libffi=3.4.4
  - libgettextpo=0.22.5
  - libgettextpo-devel=0.22.5
  - libglib=2.82.2
  - libhwloc=2.11.2
  - libhwy=1.1.0
  - libiconv=1.18
  - libintl=0.22.5
  - libintl-devel=0.22.5
  - libjpeg-turbo=3.0.3
  - libjxl=0.11.1
  - liblapack=3.9.0
  - liblapacke=3.9.0
  - liblzma=5.6.4
  - liblzma-devel=5.6.4
  - libogg=1.3.5
  - libopencv=4.11.0
  - libopenvino=2025.0.0
  - libopenvino-auto-batch-plugin=2025.0.0
  - libopenvino-auto-plugin=2025.0.0
  - libopenvino-hetero-plugin=2025.0.0
  - libopenvino-intel-cpu-plugin=2025.0.0
  - libopenvino-intel-gpu-plugin=2025.0.0
  - libopenvino-ir-frontend=2025.0.0
  - libopenvino-onnx-frontend=2025.0.0
  - libopenvino-paddle-frontend=2025.0.0
  - libopenvino-pytorch-frontend=2025.0.0
  - libopenvino-tensorflow-frontend=2025.0.0
  - libopenvino-tensorflow-lite-frontend=2025.0.0
  - libopus=1.3.1
  - libpng=1.6.47
  - libprotobuf=5.28.3
  - librsvg=2.58.4
  - libsodium=1.0.18
  - libspatialindex=1.9.3
  - libsqlite=3.49.1
  - libssh2=1.11.1
  - libtiff=4.7.0
  - libusb=1.0.27
  - libvorbis=1.3.7
  - libwebp-base=1.5.0
  - libxcb=1.15
  - libxgboost=2.1.1
  - libxml2=2.13.6
  - libzlib=1.3.1
  - libzopfli=1.0.3
  - llvmlite=0.44.0
  - locket=1.0.0
  - lz4=4.3.3
  - lz4-c=1.10.0
  - m2w64-gcc-libgfortran=5.3.0
  - m2w64-gcc-libs=5.3.0
  - m2w64-gcc-libs-core=5.3.0
  - m2w64-gmp=6.1.0
  - m2w64-libwinpthread-git=5.0.0.4634.697f757
  - markdown-it-py=2.2.0
  - markupsafe=3.0.2
  - matplotlib=3.10.0
  - matplotlib-base=3.10.0
  - matplotlib-inline=0.1.7
  - mccabe=0.7.0
  - mdurl=0.1.0
  - mistune=3.0.2
  - mkl=2023.2.0
  - mkl-service=2.4.0
  - mkl_fft=1.3.11
  - mkl_random=1.2.8
  - more-itertools=10.3.0
  - msgpack-python=1.0.3
  - msys2-conda-epoch=20160418
  - multidict=6.1.0
  - munkres=1.1.4
  - mypy_extensions=1.0.0
  - nbclient=0.10.2
  - nbconvert=7.16.4
  - nbconvert-core=7.16.4
  - nbconvert-pandoc=7.16.4
  - nbformat=5.10.4
  - nest-asyncio=1.6.0
  - networkx=3.1
  - nglview=3.1.4
  - noise=1.2.2
  - notebook=7.3.2
  - notebook-shim=0.2.4
  - numba=0.61.0
  - numcodecs=0.15.1
  - numexpr=2.10.1
  - numpy=1.26.4
  - numpy-base=1.26.4
  - numpydoc=1.7.0
  - opencl-headers=2024.10.24
  - opencv=4.11.0
  - openexr=3.3.2
  - openh264=2.6.0
  - openjpeg=2.5.3
  - openssl=3.4.1
  - overrides=7.7.0
  - packaging=24.2
  - pandas=2.2.3
  - pandoc=2.12
  - pandocfilters=1.5.0
  - pango=1.56.1
  - parso=0.8.4
  - partd=1.4.1
  - pathspec=0.10.3
  - pcre2=10.44
  - pexpect=4.8.0
  - pickleshare=0.7.5
  - pillow=10.3.0
  - pip=25.0
  - pixman=0.44.2
  - pkgutil-resolve-name=1.3.10
  - platformdirs=4.3.6
  - pluggy=1.5.0
  - ply=3.11
  - pooch=1.8.2
  - prometheus_client=0.21.0
  - prompt-toolkit=3.0.48
  - prompt_toolkit=3.0.48
  - propcache=0.2.0
  - psutil=5.9.0
  - pthread-stubs=0.4
  - pthreads-win32=2.9.1
  - ptyprocess=0.7.0
  - pugixml=1.15
  - pure_eval=0.2.3
  - py-opencv=4.11.0
  - py-xgboost=2.1.1
  - pyaml=24.9.0
  - pycodestyle=2.12.1
  - pycparser=2.22
  - pydocstyle=6.3.0
  - pyfftw=0.15.0
  - pyflakes=3.2.0
  - pygithub=2.4.0
  - pygments=2.18.0
  - pyjwt=2.10.1
  - pylint=3.3.3
  - pylint-venv=3.0.3
  - pyls-spyder=0.4.0
  - pynacl=1.5.0
  - pyparsing=3.1.4
  - pyqt=5.15.10
  - pyqt5-sip=12.13.0
  - pyqtwebengine=5.15.10
  - pysocks=1.7.1
  - python=3.12.7
  - python-dateutil=2.9.0
  - python-fastjsonschema=2.20.0
  - python-json-logger=2.0.7
  - python-lsp-black=2.0.0
  - python-lsp-jsonrpc=1.1.2
  - python-lsp-server=1.12.0
  - python-slugify=5.0.2
  - python-tzdata=2024.2
  - python_abi=3.12
  - pytoolconfig=1.2.6
  - pytz=2024.2
  - pyuca=1.2
  - pywavelets=1.8.0
  - pywin32=308
  - pywin32-ctypes=0.2.2
  - pywinpty=2.0.14
  - pyyaml=6.0.2
  - pyzmq=26.2.0
  - qdarkstyle=3.2.3
  - qstylizer=0.2.2
  - qt-main=5.15.15
  - qt-webengine=5.15.9
  - qt6-main=6.8.2
  - qtawesome=1.3.1
  - qtconsole=5.6.1
  - qtpy=2.4.1
  - rav1e=0.6.6
  - referencing=0.35.1
  - requests=2.32.3
  - rfc3339-validator=0.1.4
  - rfc3986-validator=0.1.1
  - rich=13.9.4
  - rope=1.12.0
  - rpds-py=0.22.3
  - rtree=1.0.1
  - scikit-image=0.25.0
  - scikit-optimize=0.10.2
  - scipy=1.15.1
  - sdl2=2.32.50
  - sdl3=3.2.6
  - seaborn=0.13.2
  - send2trash=1.8.3
  - setuptools=72.1.0
  - sip=6.7.12
  - six=1.16.0
  - snappy=1.2.1
  - sniffio=1.3.1
  - snowballstemmer=2.2.0
  - sortedcontainers=2.4.0
  - soupsieve=2.5
  - sphinx=7.2.6
  - sphinxcontrib-applehelp=1.0.2
  - sphinxcontrib-devhelp=1.0.2
  - sphinxcontrib-htmlhelp=2.0.0
  - sphinxcontrib-jsmath=1.0.1
  - sphinxcontrib-qthelp=1.0.3
  - sphinxcontrib-serializinghtml=1.1.10
  - spyder=6.0.3
  - spyder-kernels=3.0.2
  - sqlite=3.45.3
  - stack_data=0.6.2
  - superqt=0.6.7
  - svt-av1=3.0.0
  - tabulate=0.9.0
  - tbb=2021.13.0
  - tblib=3.0.0
  - tensorly=0.8.2
  - terminado=0.18.1
  - text-unidecode=1.3
  - textdistance=4.2.1
  - threadpoolctl=3.5.0
  - three-merge=0.1.1
  - tifffile=2023.7.10
  - tinycss2=1.4.0
  - tk=8.6.13
  - toml=0.10.2
  - tomli=2.0.2
  - tomlkit=0.13.2
  - toolz=1.0.0
  - tornado=6.4.2
  - tqdm=4.67.1
  - traitlets=5.14.3
  - traittypes=0.2.1
  - types-python-dateutil=2.9.0.20241003
  - typing-extensions=4.12.2
  - typing_extensions=4.12.2
  - typing_utils=0.1.0
  - tzdata=2025a
  - ucrt=10.0.22621.0
  - ujson=5.10.0
  - unicodedata2=15.1.0
  - unidecode=1.3.8
  - uri-template=1.3.0
  - urllib3=2.2.3
  - vc=14.42
  - vc14_runtime=14.42.34433
  - vs2015_runtime=14.42.34433
  - watchdog=4.0.2
  - wcwidth=0.2.13
  - webcolors=24.8.0
  - webencodings=0.5.1
  - websocket-client=1.8.0
  - werkzeug=3.0.6
  - whatthepatch=1.0.2
  - wheel=0.45.1
  - widgetsnbextension=4.0.13
  - win_inet_pton=1.1.0
  - winpty=0.4.3
  - wrapt=1.17.0
  - x264=1!164.3095
  - x265=3.5
  - xgboost=2.1.1
  - xorg-libxau=1.0.11
  - xorg-libxdmcp=1.1.3
  - xz=5.6.4
  - xz-tools=5.6.4
  - yaml=0.2.5
  - yapf=0.40.2
  - yarl=1.18.0
  - zarr=2.17.1
  - zeromq=4.3.5
  - zfp=1.0.1
  - zict=3.0.0
  - zipp=3.21.0
  - zlib=1.3.1
  - zlib-ng=2.2.4
  - zstandard=0.23.0
  - zstd=1.5.6
  - pip:
      - bibtexparser==1.4.3
      - colorspacious==1.1.2
      - cupy-cuda12x==13.4.1
      - diffpy-structure==3.3.0
      - emdfile==0.0.16
      - fastrlock==0.8.3
      - filelock==3.18.0
      - gdown==5.2.0
      - hdf5plugin==5.1.0
      - matplotlib-scalebar==0.9.0
      - monty==2025.3.3
      - mpire==2.10.2
      - mpmath==1.3.0
      - narwhals==1.48.1
      - ncempy==1.11.1
      - numpy-quaternion==2024.0.8
      - orix==0.13.3
      - orjson==3.11.0
      - palettable==3.3.3
      - plotly==6.2.0
      - prettytable==3.16.0
      - py4d-browser==1.3.1
      - py4dstem==0.14.18
      - pycifrw==5.0.1
      - pylops==2.5.0
      - pymatgen==2025.6.14
      - pyqtgraph==0.13.7
      - ruamel-yaml==0.18.14
      - ruamel-yaml-clib==0.2.12
      - scikit-learn==1.4.2
      - sigfig==1.3.19
      - spglib==2.6.0
      - sympy==1.14.0
      - uncertainties==3.2.3

